
Microsoft Visual Studio Solution File, Format Version 12.00
# Visual Studio Version 16
VisualStudioVersion = 16.0.30128.74
MinimumVisualStudioVersion = 10.0.40219.1
Project("{FAE04EC0-301F-11D3-BF4B-00C04F79EFBC}") = "BaiThucTap", "BaiThucTap\BaiThucTap.csproj", "{58ECF460-6A0A-4B9B-80CC-CC2132020D95}"
EndProject
Global
	GlobalSection(SolutionConfigurationPlatforms) = preSolution
		Debug|Any CPU = Debug|Any CPU
		Release|Any CPU = Release|Any CPU
	EndGlobalSection
	GlobalSection(ProjectConfigurationPlatforms) = postSolution
		{58ECF460-6A0A-4B9B-80CC-CC2132020D95}.Debug|Any CPU.ActiveCfg = Debug|Any CPU
		{58ECF460-6A0A-4B9B-80CC-CC2132020D95}.Debug|Any CPU.Build.0 = Debug|Any CPU
		{58ECF460-6A0A-4B9B-80CC-CC2132020D95}.Release|Any CPU.ActiveCfg = Release|Any CPU
		{58ECF460-6A0A-4B9B-80CC-CC2132020D95}.Release|Any CPU.Build.0 = Release|Any CPU
	EndGlobalSection
	GlobalSection(SolutionProperties) = preSolution
		HideSolutionNode = FALSE
	EndGlobalSection
	GlobalSection(ExtensibilityGlobals) = postSolution
		SolutionGuid = {0F8EA636-1ADE-443D-9803-E62B6BEE7A47}
	EndGlobalSection
EndGlobal
